
Microsoft Visual Studio Solution File, Format Version 12.00
# Visual Studio Version 16
VisualStudioVersion = 16.0.30320.27
MinimumVisualStudioVersion = 10.0.40219.1
Project("{9A19103F-16F7-4668-BE54-9A1E7A4F7556}") = "RickAndMorty", "RickAndMorty\RickAndMorty.csproj", "{6323934B-2459-44BD-B377-8C4FA5B7586A}"
EndProject
Project("{9A19103F-16F7-4668-BE54-9A1E7A4F7556}") = "RickAndMorty.Tests", "RickAndMorty.Tests\RickAndMorty.Tests.csproj", "{E206AFA9-0523-4D1B-BC76-FE3BB7AE9C24}"
EndProject
Project("{2150E333-8FDC-42A3-9474-1A3956D46DE8}") = "SolutionItems", "SolutionItems", "{EF2F8E8D-5026-43DF-BA88-030E1C16B87C}"
	ProjectSection(SolutionItems) = preProject
		rickmorty.qube.ruleset = rickmorty.qube.ruleset
		rickmorty.ruleset = rickmorty.ruleset
		sonarqube.ruleset = sonarqube.ruleset
	EndProjectSection
EndProject
Project("{2150E333-8FDC-42A3-9474-1A3956D46DE8}") = "Tests", "Tests", "{4F6D4E39-88B2-43FC-8062-773597F3C110}"
EndProject
Project("{9A19103F-16F7-4668-BE54-9A1E7A4F7556}") = "RickAndMorty.Domain", "RickAndMorty.Domain\RickAndMorty.Domain.csproj", "{89069D81-E3C2-4ECF-ADA9-D4163912748A}"
EndProject
Project("{9A19103F-16F7-4668-BE54-9A1E7A4F7556}") = "RickAndMorty.Services", "RickAndMorty.Services\RickAndMorty.Services.csproj", "{E200DFB2-6A9A-4424-80B0-66050D2734E2}"
EndProject
Project("{9A19103F-16F7-4668-BE54-9A1E7A4F7556}") = "RickAndMorty.Data", "RickAndMorty.Data\RickAndMorty.Data.csproj", "{ED2694F1-0394-47D4-BB40-EF1C6840414F}"
EndProject
Project("{FAE04EC0-301F-11D3-BF4B-00C04F79EFBC}") = "RickAndMorty.Common", "RickAndMorty.Common\RickAndMorty.Common.csproj", "{6708CA8B-5773-4B1E-9597-C8FFF34C31EE}"
EndProject
Project("{FAE04EC0-301F-11D3-BF4B-00C04F79EFBC}") = "RickAndMorty.Services.Tests", "Tests\RickAndMorty.Services.Tests\RickAndMorty.Services.Tests.csproj", "{F2854B93-2BE1-48B4-8E8D-73C483085DCA}"
EndProject
Project("{FAE04EC0-301F-11D3-BF4B-00C04F79EFBC}") = "RickAndMorty.Data.Tests", "Tests\RickAndMorty.Data.Tests\RickAndMorty.Data.Tests.csproj", "{3A129E54-4C11-4741-AD4D-E8E1640C4CA8}"
EndProject
Project("{FAE04EC0-301F-11D3-BF4B-00C04F79EFBC}") = "RickAndMorty.Data.Console", "Tests\RickAndMorty.Data.Console\RickAndMorty.Data.Console.csproj", "{CD3F03F2-BCBC-4B82-A3CB-11FA44E09BB0}"
EndProject
Global
	GlobalSection(SolutionConfigurationPlatforms) = preSolution
		Debug|Any CPU = Debug|Any CPU
		Debug|x64 = Debug|x64
		DEV|Any CPU = DEV|Any CPU
		DEV|x64 = DEV|x64
		PROD|Any CPU = PROD|Any CPU
		PROD|x64 = PROD|x64
		Release|Any CPU = Release|Any CPU
		Release|x64 = Release|x64
		TEST|Any CPU = TEST|Any CPU
		TEST|x64 = TEST|x64
		UAT|Any CPU = UAT|Any CPU
		UAT|x64 = UAT|x64
	EndGlobalSection
	GlobalSection(ProjectConfigurationPlatforms) = postSolution
		{6323934B-2459-44BD-B377-8C4FA5B7586A}.Debug|Any CPU.ActiveCfg = Development|Any CPU
		{6323934B-2459-44BD-B377-8C4FA5B7586A}.Debug|Any CPU.Build.0 = Development|Any CPU
		{6323934B-2459-44BD-B377-8C4FA5B7586A}.Debug|x64.ActiveCfg = Development|x64
		{6323934B-2459-44BD-B377-8C4FA5B7586A}.Debug|x64.Build.0 = Development|x64
		{6323934B-2459-44BD-B377-8C4FA5B7586A}.DEV|Any CPU.ActiveCfg = Development|Any CPU
		{6323934B-2459-44BD-B377-8C4FA5B7586A}.DEV|Any CPU.Build.0 = Development|Any CPU
		{6323934B-2459-44BD-B377-8C4FA5B7586A}.DEV|x64.ActiveCfg = Development|x64
		{6323934B-2459-44BD-B377-8C4FA5B7586A}.DEV|x64.Build.0 = Development|x64
		{6323934B-2459-44BD-B377-8C4FA5B7586A}.PROD|Any CPU.ActiveCfg = Production|Any CPU
		{6323934B-2459-44BD-B377-8C4FA5B7586A}.PROD|Any CPU.Build.0 = Production|Any CPU
		{6323934B-2459-44BD-B377-8C4FA5B7586A}.PROD|x64.ActiveCfg = Production|x64
		{6323934B-2459-44BD-B377-8C4FA5B7586A}.PROD|x64.Build.0 = Production|x64
		{6323934B-2459-44BD-B377-8C4FA5B7586A}.Release|Any CPU.ActiveCfg = Production|Any CPU
		{6323934B-2459-44BD-B377-8C4FA5B7586A}.Release|Any CPU.Build.0 = Production|Any CPU
		{6323934B-2459-44BD-B377-8C4FA5B7586A}.Release|x64.ActiveCfg = Development|x64
		{6323934B-2459-44BD-B377-8C4FA5B7586A}.Release|x64.Build.0 = Development|x64
		{6323934B-2459-44BD-B377-8C4FA5B7586A}.TEST|Any CPU.ActiveCfg = Staging|Any CPU
		{6323934B-2459-44BD-B377-8C4FA5B7586A}.TEST|Any CPU.Build.0 = Staging|Any CPU
		{6323934B-2459-44BD-B377-8C4FA5B7586A}.TEST|x64.ActiveCfg = Development|x64
		{6323934B-2459-44BD-B377-8C4FA5B7586A}.TEST|x64.Build.0 = Development|x64
		{6323934B-2459-44BD-B377-8C4FA5B7586A}.UAT|Any CPU.ActiveCfg = Staging|Any CPU
		{6323934B-2459-44BD-B377-8C4FA5B7586A}.UAT|Any CPU.Build.0 = Staging|Any CPU
		{6323934B-2459-44BD-B377-8C4FA5B7586A}.UAT|x64.ActiveCfg = Development|x64
		{6323934B-2459-44BD-B377-8C4FA5B7586A}.UAT|x64.Build.0 = Development|x64
		{E206AFA9-0523-4D1B-BC76-FE3BB7AE9C24}.Debug|Any CPU.ActiveCfg = Debug|Any CPU
		{E206AFA9-0523-4D1B-BC76-FE3BB7AE9C24}.Debug|Any CPU.Build.0 = Debug|Any CPU
		{E206AFA9-0523-4D1B-BC76-FE3BB7AE9C24}.Debug|x64.ActiveCfg = Debug|x64
		{E206AFA9-0523-4D1B-BC76-FE3BB7AE9C24}.Debug|x64.Build.0 = Debug|x64
		{E206AFA9-0523-4D1B-BC76-FE3BB7AE9C24}.DEV|Any CPU.ActiveCfg = DEV|Any CPU
		{E206AFA9-0523-4D1B-BC76-FE3BB7AE9C24}.DEV|Any CPU.Build.0 = DEV|Any CPU
		{E206AFA9-0523-4D1B-BC76-FE3BB7AE9C24}.DEV|x64.ActiveCfg = DEV|x64
		{E206AFA9-0523-4D1B-BC76-FE3BB7AE9C24}.DEV|x64.Build.0 = DEV|x64
		{E206AFA9-0523-4D1B-BC76-FE3BB7AE9C24}.PROD|Any CPU.ActiveCfg = PROD|Any CPU
		{E206AFA9-0523-4D1B-BC76-FE3BB7AE9C24}.PROD|Any CPU.Build.0 = PROD|Any CPU
		{E206AFA9-0523-4D1B-BC76-FE3BB7AE9C24}.PROD|x64.ActiveCfg = PROD|x64
		{E206AFA9-0523-4D1B-BC76-FE3BB7AE9C24}.PROD|x64.Build.0 = PROD|x64
		{E206AFA9-0523-4D1B-BC76-FE3BB7AE9C24}.Release|Any CPU.ActiveCfg = TEST|Any CPU
		{E206AFA9-0523-4D1B-BC76-FE3BB7AE9C24}.Release|Any CPU.Build.0 = TEST|Any CPU
		{E206AFA9-0523-4D1B-BC76-FE3BB7AE9C24}.Release|x64.ActiveCfg = TEST|x64
		{E206AFA9-0523-4D1B-BC76-FE3BB7AE9C24}.Release|x64.Build.0 = TEST|x64
		{E206AFA9-0523-4D1B-BC76-FE3BB7AE9C24}.TEST|Any CPU.ActiveCfg = TEST|Any CPU
		{E206AFA9-0523-4D1B-BC76-FE3BB7AE9C24}.TEST|Any CPU.Build.0 = TEST|Any CPU
		{E206AFA9-0523-4D1B-BC76-FE3BB7AE9C24}.TEST|x64.ActiveCfg = TEST|x64
		{E206AFA9-0523-4D1B-BC76-FE3BB7AE9C24}.TEST|x64.Build.0 = TEST|x64
		{E206AFA9-0523-4D1B-BC76-FE3BB7AE9C24}.UAT|Any CPU.ActiveCfg = UAT|Any CPU
		{E206AFA9-0523-4D1B-BC76-FE3BB7AE9C24}.UAT|Any CPU.Build.0 = UAT|Any CPU
		{E206AFA9-0523-4D1B-BC76-FE3BB7AE9C24}.UAT|x64.ActiveCfg = UAT|x64
		{E206AFA9-0523-4D1B-BC76-FE3BB7AE9C24}.UAT|x64.Build.0 = UAT|x64
		{89069D81-E3C2-4ECF-ADA9-D4163912748A}.Debug|Any CPU.ActiveCfg = Debug|Any CPU
		{89069D81-E3C2-4ECF-ADA9-D4163912748A}.Debug|Any CPU.Build.0 = Debug|Any CPU
		{89069D81-E3C2-4ECF-ADA9-D4163912748A}.Debug|x64.ActiveCfg = Debug|Any CPU
		{89069D81-E3C2-4ECF-ADA9-D4163912748A}.Debug|x64.Build.0 = Debug|Any CPU
		{89069D81-E3C2-4ECF-ADA9-D4163912748A}.DEV|Any CPU.ActiveCfg = Debug|Any CPU
		{89069D81-E3C2-4ECF-ADA9-D4163912748A}.DEV|Any CPU.Build.0 = Debug|Any CPU
		{89069D81-E3C2-4ECF-ADA9-D4163912748A}.DEV|x64.ActiveCfg = Debug|Any CPU
		{89069D81-E3C2-4ECF-ADA9-D4163912748A}.DEV|x64.Build.0 = Debug|Any CPU
		{89069D81-E3C2-4ECF-ADA9-D4163912748A}.PROD|Any CPU.ActiveCfg = Debug|Any CPU
		{89069D81-E3C2-4ECF-ADA9-D4163912748A}.PROD|Any CPU.Build.0 = Debug|Any CPU
		{89069D81-E3C2-4ECF-ADA9-D4163912748A}.PROD|x64.ActiveCfg = Debug|Any CPU
		{89069D81-E3C2-4ECF-ADA9-D4163912748A}.PROD|x64.Build.0 = Debug|Any CPU
		{89069D81-E3C2-4ECF-ADA9-D4163912748A}.Release|Any CPU.ActiveCfg = Release|Any CPU
		{89069D81-E3C2-4ECF-ADA9-D4163912748A}.Release|Any CPU.Build.0 = Release|Any CPU
		{89069D81-E3C2-4ECF-ADA9-D4163912748A}.Release|x64.ActiveCfg = Release|Any CPU
		{89069D81-E3C2-4ECF-ADA9-D4163912748A}.Release|x64.Build.0 = Release|Any CPU
		{89069D81-E3C2-4ECF-ADA9-D4163912748A}.TEST|Any CPU.ActiveCfg = Debug|Any CPU
		{89069D81-E3C2-4ECF-ADA9-D4163912748A}.TEST|Any CPU.Build.0 = Debug|Any CPU
		{89069D81-E3C2-4ECF-ADA9-D4163912748A}.TEST|x64.ActiveCfg = Debug|Any CPU
		{89069D81-E3C2-4ECF-ADA9-D4163912748A}.TEST|x64.Build.0 = Debug|Any CPU
		{89069D81-E3C2-4ECF-ADA9-D4163912748A}.UAT|Any CPU.ActiveCfg = Debug|Any CPU
		{89069D81-E3C2-4ECF-ADA9-D4163912748A}.UAT|Any CPU.Build.0 = Debug|Any CPU
		{89069D81-E3C2-4ECF-ADA9-D4163912748A}.UAT|x64.ActiveCfg = Debug|Any CPU
		{89069D81-E3C2-4ECF-ADA9-D4163912748A}.UAT|x64.Build.0 = Debug|Any CPU
		{E200DFB2-6A9A-4424-80B0-66050D2734E2}.Debug|Any CPU.ActiveCfg = Debug|Any CPU
		{E200DFB2-6A9A-4424-80B0-66050D2734E2}.Debug|Any CPU.Build.0 = Debug|Any CPU
		{E200DFB2-6A9A-4424-80B0-66050D2734E2}.Debug|x64.ActiveCfg = Debug|Any CPU
		{E200DFB2-6A9A-4424-80B0-66050D2734E2}.Debug|x64.Build.0 = Debug|Any CPU
		{E200DFB2-6A9A-4424-80B0-66050D2734E2}.DEV|Any CPU.ActiveCfg = Debug|Any CPU
		{E200DFB2-6A9A-4424-80B0-66050D2734E2}.DEV|Any CPU.Build.0 = Debug|Any CPU
		{E200DFB2-6A9A-4424-80B0-66050D2734E2}.DEV|x64.ActiveCfg = Debug|Any CPU
		{E200DFB2-6A9A-4424-80B0-66050D2734E2}.DEV|x64.Build.0 = Debug|Any CPU
		{E200DFB2-6A9A-4424-80B0-66050D2734E2}.PROD|Any CPU.ActiveCfg = Debug|Any CPU
		{E200DFB2-6A9A-4424-80B0-66050D2734E2}.PROD|Any CPU.Build.0 = Debug|Any CPU
		{E200DFB2-6A9A-4424-80B0-66050D2734E2}.PROD|x64.ActiveCfg = Debug|Any CPU
		{E200DFB2-6A9A-4424-80B0-66050D2734E2}.PROD|x64.Build.0 = Debug|Any CPU
		{E200DFB2-6A9A-4424-80B0-66050D2734E2}.Release|Any CPU.ActiveCfg = Release|Any CPU
		{E200DFB2-6A9A-4424-80B0-66050D2734E2}.Release|Any CPU.Build.0 = Release|Any CPU
		{E200DFB2-6A9A-4424-80B0-66050D2734E2}.Release|x64.ActiveCfg = Release|Any CPU
		{E200DFB2-6A9A-4424-80B0-66050D2734E2}.Release|x64.Build.0 = Release|Any CPU
		{E200DFB2-6A9A-4424-80B0-66050D2734E2}.TEST|Any CPU.ActiveCfg = Debug|Any CPU
		{E200DFB2-6A9A-4424-80B0-66050D2734E2}.TEST|Any CPU.Build.0 = Debug|Any CPU
		{E200DFB2-6A9A-4424-80B0-66050D2734E2}.TEST|x64.ActiveCfg = Debug|Any CPU
		{E200DFB2-6A9A-4424-80B0-66050D2734E2}.TEST|x64.Build.0 = Debug|Any CPU
		{E200DFB2-6A9A-4424-80B0-66050D2734E2}.UAT|Any CPU.ActiveCfg = Debug|Any CPU
		{E200DFB2-6A9A-4424-80B0-66050D2734E2}.UAT|Any CPU.Build.0 = Debug|Any CPU
		{E200DFB2-6A9A-4424-80B0-66050D2734E2}.UAT|x64.ActiveCfg = Debug|Any CPU
		{E200DFB2-6A9A-4424-80B0-66050D2734E2}.UAT|x64.Build.0 = Debug|Any CPU
		{ED2694F1-0394-47D4-BB40-EF1C6840414F}.Debug|Any CPU.ActiveCfg = Debug|Any CPU
		{ED2694F1-0394-47D4-BB40-EF1C6840414F}.Debug|Any CPU.Build.0 = Debug|Any CPU
		{ED2694F1-0394-47D4-BB40-EF1C6840414F}.Debug|x64.ActiveCfg = Debug|Any CPU
		{ED2694F1-0394-47D4-BB40-EF1C6840414F}.Debug|x64.Build.0 = Debug|Any CPU
		{ED2694F1-0394-47D4-BB40-EF1C6840414F}.DEV|Any CPU.ActiveCfg = Debug|Any CPU
		{ED2694F1-0394-47D4-BB40-EF1C6840414F}.DEV|Any CPU.Build.0 = Debug|Any CPU
		{ED2694F1-0394-47D4-BB40-EF1C6840414F}.DEV|x64.ActiveCfg = Debug|Any CPU
		{ED2694F1-0394-47D4-BB40-EF1C6840414F}.DEV|x64.Build.0 = Debug|Any CPU
		{ED2694F1-0394-47D4-BB40-EF1C6840414F}.PROD|Any CPU.ActiveCfg = Debug|Any CPU
		{ED2694F1-0394-47D4-BB40-EF1C6840414F}.PROD|Any CPU.Build.0 = Debug|Any CPU
		{ED2694F1-0394-47D4-BB40-EF1C6840414F}.PROD|x64.ActiveCfg = Debug|Any CPU
		{ED2694F1-0394-47D4-BB40-EF1C6840414F}.PROD|x64.Build.0 = Debug|Any CPU
		{ED2694F1-0394-47D4-BB40-EF1C6840414F}.Release|Any CPU.ActiveCfg = Release|Any CPU
		{ED2694F1-0394-47D4-BB40-EF1C6840414F}.Release|Any CPU.Build.0 = Release|Any CPU
		{ED2694F1-0394-47D4-BB40-EF1C6840414F}.Release|x64.ActiveCfg = Release|Any CPU
		{ED2694F1-0394-47D4-BB40-EF1C6840414F}.Release|x64.Build.0 = Release|Any CPU
		{ED2694F1-0394-47D4-BB40-EF1C6840414F}.TEST|Any CPU.ActiveCfg = Debug|Any CPU
		{ED2694F1-0394-47D4-BB40-EF1C6840414F}.TEST|Any CPU.Build.0 = Debug|Any CPU
		{ED2694F1-0394-47D4-BB40-EF1C6840414F}.TEST|x64.ActiveCfg = Debug|Any CPU
		{ED2694F1-0394-47D4-BB40-EF1C6840414F}.TEST|x64.Build.0 = Debug|Any CPU
		{ED2694F1-0394-47D4-BB40-EF1C6840414F}.UAT|Any CPU.ActiveCfg = Debug|Any CPU
		{ED2694F1-0394-47D4-BB40-EF1C6840414F}.UAT|Any CPU.Build.0 = Debug|Any CPU
		{ED2694F1-0394-47D4-BB40-EF1C6840414F}.UAT|x64.ActiveCfg = Debug|Any CPU
		{ED2694F1-0394-47D4-BB40-EF1C6840414F}.UAT|x64.Build.0 = Debug|Any CPU
		{6708CA8B-5773-4B1E-9597-C8FFF34C31EE}.Debug|Any CPU.ActiveCfg = Debug|Any CPU
		{6708CA8B-5773-4B1E-9597-C8FFF34C31EE}.Debug|Any CPU.Build.0 = Debug|Any CPU
		{6708CA8B-5773-4B1E-9597-C8FFF34C31EE}.Debug|x64.ActiveCfg = Debug|Any CPU
		{6708CA8B-5773-4B1E-9597-C8FFF34C31EE}.Debug|x64.Build.0 = Debug|Any CPU
		{6708CA8B-5773-4B1E-9597-C8FFF34C31EE}.DEV|Any CPU.ActiveCfg = Debug|Any CPU
		{6708CA8B-5773-4B1E-9597-C8FFF34C31EE}.DEV|Any CPU.Build.0 = Debug|Any CPU
		{6708CA8B-5773-4B1E-9597-C8FFF34C31EE}.DEV|x64.ActiveCfg = Debug|Any CPU
		{6708CA8B-5773-4B1E-9597-C8FFF34C31EE}.DEV|x64.Build.0 = Debug|Any CPU
		{6708CA8B-5773-4B1E-9597-C8FFF34C31EE}.PROD|Any CPU.ActiveCfg = Debug|Any CPU
		{6708CA8B-5773-4B1E-9597-C8FFF34C31EE}.PROD|Any CPU.Build.0 = Debug|Any CPU
		{6708CA8B-5773-4B1E-9597-C8FFF34C31EE}.PROD|x64.ActiveCfg = Debug|Any CPU
		{6708CA8B-5773-4B1E-9597-C8FFF34C31EE}.PROD|x64.Build.0 = Debug|Any CPU
		{6708CA8B-5773-4B1E-9597-C8FFF34C31EE}.Release|Any CPU.ActiveCfg = Release|Any CPU
		{6708CA8B-5773-4B1E-9597-C8FFF34C31EE}.Release|Any CPU.Build.0 = Release|Any CPU
		{6708CA8B-5773-4B1E-9597-C8FFF34C31EE}.Release|x64.ActiveCfg = Release|Any CPU
		{6708CA8B-5773-4B1E-9597-C8FFF34C31EE}.Release|x64.Build.0 = Release|Any CPU
		{6708CA8B-5773-4B1E-9597-C8FFF34C31EE}.TEST|Any CPU.ActiveCfg = Debug|Any CPU
		{6708CA8B-5773-4B1E-9597-C8FFF34C31EE}.TEST|Any CPU.Build.0 = Debug|Any CPU
		{6708CA8B-5773-4B1E-9597-C8FFF34C31EE}.TEST|x64.ActiveCfg = Debug|Any CPU
		{6708CA8B-5773-4B1E-9597-C8FFF34C31EE}.TEST|x64.Build.0 = Debug|Any CPU
		{6708CA8B-5773-4B1E-9597-C8FFF34C31EE}.UAT|Any CPU.ActiveCfg = Debug|Any CPU
		{6708CA8B-5773-4B1E-9597-C8FFF34C31EE}.UAT|Any CPU.Build.0 = Debug|Any CPU
		{6708CA8B-5773-4B1E-9597-C8FFF34C31EE}.UAT|x64.ActiveCfg = Debug|Any CPU
		{6708CA8B-5773-4B1E-9597-C8FFF34C31EE}.UAT|x64.Build.0 = Debug|Any CPU
		{F2854B93-2BE1-48B4-8E8D-73C483085DCA}.Debug|Any CPU.ActiveCfg = Debug|Any CPU
		{F2854B93-2BE1-48B4-8E8D-73C483085DCA}.Debug|Any CPU.Build.0 = Debug|Any CPU
		{F2854B93-2BE1-48B4-8E8D-73C483085DCA}.Debug|x64.ActiveCfg = Debug|Any CPU
		{F2854B93-2BE1-48B4-8E8D-73C483085DCA}.Debug|x64.Build.0 = Debug|Any CPU
		{F2854B93-2BE1-48B4-8E8D-73C483085DCA}.DEV|Any CPU.ActiveCfg = Debug|Any CPU
		{F2854B93-2BE1-48B4-8E8D-73C483085DCA}.DEV|Any CPU.Build.0 = Debug|Any CPU
		{F2854B93-2BE1-48B4-8E8D-73C483085DCA}.DEV|x64.ActiveCfg = Debug|Any CPU
		{F2854B93-2BE1-48B4-8E8D-73C483085DCA}.DEV|x64.Build.0 = Debug|Any CPU
		{F2854B93-2BE1-48B4-8E8D-73C483085DCA}.PROD|Any CPU.ActiveCfg = Debug|Any CPU
		{F2854B93-2BE1-48B4-8E8D-73C483085DCA}.PROD|Any CPU.Build.0 = Debug|Any CPU
		{F2854B93-2BE1-48B4-8E8D-73C483085DCA}.PROD|x64.ActiveCfg = Debug|Any CPU
		{F2854B93-2BE1-48B4-8E8D-73C483085DCA}.PROD|x64.Build.0 = Debug|Any CPU
		{F2854B93-2BE1-48B4-8E8D-73C483085DCA}.Release|Any CPU.ActiveCfg = Release|Any CPU
		{F2854B93-2BE1-48B4-8E8D-73C483085DCA}.Release|Any CPU.Build.0 = Release|Any CPU
		{F2854B93-2BE1-48B4-8E8D-73C483085DCA}.Release|x64.ActiveCfg = Release|Any CPU
		{F2854B93-2BE1-48B4-8E8D-73C483085DCA}.Release|x64.Build.0 = Release|Any CPU
		{F2854B93-2BE1-48B4-8E8D-73C483085DCA}.TEST|Any CPU.ActiveCfg = Debug|Any CPU
		{F2854B93-2BE1-48B4-8E8D-73C483085DCA}.TEST|Any CPU.Build.0 = Debug|Any CPU
		{F2854B93-2BE1-48B4-8E8D-73C483085DCA}.TEST|x64.ActiveCfg = Debug|Any CPU
		{F2854B93-2BE1-48B4-8E8D-73C483085DCA}.TEST|x64.Build.0 = Debug|Any CPU
		{F2854B93-2BE1-48B4-8E8D-73C483085DCA}.UAT|Any CPU.ActiveCfg = Debug|Any CPU
		{F2854B93-2BE1-48B4-8E8D-73C483085DCA}.UAT|Any CPU.Build.0 = Debug|Any CPU
		{F2854B93-2BE1-48B4-8E8D-73C483085DCA}.UAT|x64.ActiveCfg = Debug|Any CPU
		{F2854B93-2BE1-48B4-8E8D-73C483085DCA}.UAT|x64.Build.0 = Debug|Any CPU
		{3A129E54-4C11-4741-AD4D-E8E1640C4CA8}.Debug|Any CPU.ActiveCfg = Debug|Any CPU
		{3A129E54-4C11-4741-AD4D-E8E1640C4CA8}.Debug|Any CPU.Build.0 = Debug|Any CPU
		{3A129E54-4C11-4741-AD4D-E8E1640C4CA8}.Debug|x64.ActiveCfg = Debug|Any CPU
		{3A129E54-4C11-4741-AD4D-E8E1640C4CA8}.Debug|x64.Build.0 = Debug|Any CPU
		{3A129E54-4C11-4741-AD4D-E8E1640C4CA8}.DEV|Any CPU.ActiveCfg = Debug|Any CPU
		{3A129E54-4C11-4741-AD4D-E8E1640C4CA8}.DEV|Any CPU.Build.0 = Debug|Any CPU
		{3A129E54-4C11-4741-AD4D-E8E1640C4CA8}.DEV|x64.ActiveCfg = Debug|Any CPU
		{3A129E54-4C11-4741-AD4D-E8E1640C4CA8}.DEV|x64.Build.0 = Debug|Any CPU
		{3A129E54-4C11-4741-AD4D-E8E1640C4CA8}.PROD|Any CPU.ActiveCfg = Debug|Any CPU
		{3A129E54-4C11-4741-AD4D-E8E1640C4CA8}.PROD|Any CPU.Build.0 = Debug|Any CPU
		{3A129E54-4C11-4741-AD4D-E8E1640C4CA8}.PROD|x64.ActiveCfg = Debug|Any CPU
		{3A129E54-4C11-4741-AD4D-E8E1640C4CA8}.PROD|x64.Build.0 = Debug|Any CPU
		{3A129E54-4C11-4741-AD4D-E8E1640C4CA8}.Release|Any CPU.ActiveCfg = Release|Any CPU
		{3A129E54-4C11-4741-AD4D-E8E1640C4CA8}.Release|Any CPU.Build.0 = Release|Any CPU
		{3A129E54-4C11-4741-AD4D-E8E1640C4CA8}.Release|x64.ActiveCfg = Release|Any CPU
		{3A129E54-4C11-4741-AD4D-E8E1640C4CA8}.Release|x64.Build.0 = Release|Any CPU
		{3A129E54-4C11-4741-AD4D-E8E1640C4CA8}.TEST|Any CPU.ActiveCfg = Debug|Any CPU
		{3A129E54-4C11-4741-AD4D-E8E1640C4CA8}.TEST|Any CPU.Build.0 = Debug|Any CPU
		{3A129E54-4C11-4741-AD4D-E8E1640C4CA8}.TEST|x64.ActiveCfg = Debug|Any CPU
		{3A129E54-4C11-4741-AD4D-E8E1640C4CA8}.TEST|x64.Build.0 = Debug|Any CPU
		{3A129E54-4C11-4741-AD4D-E8E1640C4CA8}.UAT|Any CPU.ActiveCfg = Debug|Any CPU
		{3A129E54-4C11-4741-AD4D-E8E1640C4CA8}.UAT|Any CPU.Build.0 = Debug|Any CPU
		{3A129E54-4C11-4741-AD4D-E8E1640C4CA8}.UAT|x64.ActiveCfg = Debug|Any CPU
		{3A129E54-4C11-4741-AD4D-E8E1640C4CA8}.UAT|x64.Build.0 = Debug|Any CPU
		{CD3F03F2-BCBC-4B82-A3CB-11FA44E09BB0}.Debug|Any CPU.ActiveCfg = Debug|Any CPU
		{CD3F03F2-BCBC-4B82-A3CB-11FA44E09BB0}.Debug|Any CPU.Build.0 = Debug|Any CPU
		{CD3F03F2-BCBC-4B82-A3CB-11FA44E09BB0}.Debug|x64.ActiveCfg = Debug|Any CPU
		{CD3F03F2-BCBC-4B82-A3CB-11FA44E09BB0}.Debug|x64.Build.0 = Debug|Any CPU
		{CD3F03F2-BCBC-4B82-A3CB-11FA44E09BB0}.DEV|Any CPU.ActiveCfg = Debug|Any CPU
		{CD3F03F2-BCBC-4B82-A3CB-11FA44E09BB0}.DEV|Any CPU.Build.0 = Debug|Any CPU
		{CD3F03F2-BCBC-4B82-A3CB-11FA44E09BB0}.DEV|x64.ActiveCfg = Debug|Any CPU
		{CD3F03F2-BCBC-4B82-A3CB-11FA44E09BB0}.DEV|x64.Build.0 = Debug|Any CPU
		{CD3F03F2-BCBC-4B82-A3CB-11FA44E09BB0}.PROD|Any CPU.ActiveCfg = Debug|Any CPU
		{CD3F03F2-BCBC-4B82-A3CB-11FA44E09BB0}.PROD|Any CPU.Build.0 = Debug|Any CPU
		{CD3F03F2-BCBC-4B82-A3CB-11FA44E09BB0}.PROD|x64.ActiveCfg = Debug|Any CPU
		{CD3F03F2-BCBC-4B82-A3CB-11FA44E09BB0}.PROD|x64.Build.0 = Debug|Any CPU
		{CD3F03F2-BCBC-4B82-A3CB-11FA44E09BB0}.Release|Any CPU.ActiveCfg = Release|Any CPU
		{CD3F03F2-BCBC-4B82-A3CB-11FA44E09BB0}.Release|Any CPU.Build.0 = Release|Any CPU
		{CD3F03F2-BCBC-4B82-A3CB-11FA44E09BB0}.Release|x64.ActiveCfg = Release|Any CPU
		{CD3F03F2-BCBC-4B82-A3CB-11FA44E09BB0}.Release|x64.Build.0 = Release|Any CPU
		{CD3F03F2-BCBC-4B82-A3CB-11FA44E09BB0}.TEST|Any CPU.ActiveCfg = Debug|Any CPU
		{CD3F03F2-BCBC-4B82-A3CB-11FA44E09BB0}.TEST|Any CPU.Build.0 = Debug|Any CPU
		{CD3F03F2-BCBC-4B82-A3CB-11FA44E09BB0}.TEST|x64.ActiveCfg = Debug|Any CPU
		{CD3F03F2-BCBC-4B82-A3CB-11FA44E09BB0}.TEST|x64.Build.0 = Debug|Any CPU
		{CD3F03F2-BCBC-4B82-A3CB-11FA44E09BB0}.UAT|Any CPU.ActiveCfg = Debug|Any CPU
		{CD3F03F2-BCBC-4B82-A3CB-11FA44E09BB0}.UAT|Any CPU.Build.0 = Debug|Any CPU
		{CD3F03F2-BCBC-4B82-A3CB-11FA44E09BB0}.UAT|x64.ActiveCfg = Debug|Any CPU
		{CD3F03F2-BCBC-4B82-A3CB-11FA44E09BB0}.UAT|x64.Build.0 = Debug|Any CPU
	EndGlobalSection
	GlobalSection(SolutionProperties) = preSolution
		HideSolutionNode = FALSE
	EndGlobalSection
	GlobalSection(NestedProjects) = preSolution
		{E206AFA9-0523-4D1B-BC76-FE3BB7AE9C24} = {4F6D4E39-88B2-43FC-8062-773597F3C110}
		{F2854B93-2BE1-48B4-8E8D-73C483085DCA} = {4F6D4E39-88B2-43FC-8062-773597F3C110}
		{3A129E54-4C11-4741-AD4D-E8E1640C4CA8} = {4F6D4E39-88B2-43FC-8062-773597F3C110}
		{CD3F03F2-BCBC-4B82-A3CB-11FA44E09BB0} = {4F6D4E39-88B2-43FC-8062-773597F3C110}
	EndGlobalSection
	GlobalSection(ExtensibilityGlobals) = postSolution
		SolutionGuid = {75B13D0B-F2C5-466B-8DF5-56D3168E4C21}
	EndGlobalSection
EndGlobal
